
Microsoft Visual Studio Solution File, Format Version 12.00
# Visual Studio Version 17
VisualStudioVersion = 17.12.35309.182
MinimumVisualStudioVersion = 10.0.40219.1
Project("{8BC9CEB8-8B4A-11D0-8D11-00A0C91BC942}") = "Project4", "Project4\Project4.vcxproj", "{61FB7FE4-F529-4A43-B7E7-326DD52B2185}"
EndProject
Global
	GlobalSection(SolutionConfigurationPlatforms) = preSolution
		Debug|x64 = Debug|x64
		Debug|x86 = Debug|x86
		Release|x64 = Release|x64
		Release|x86 = Release|x86
	EndGlobalSection
	GlobalSection(ProjectConfigurationPlatforms) = postSolution
		{61FB7FE4-F529-4A43-B7E7-326DD52B2185}.Debug|x64.ActiveCfg = Debug|x64
		{61FB7FE4-F529-4A43-B7E7-326DD52B2185}.Debug|x64.Build.0 = Debug|x64
		{61FB7FE4-F529-4A43-B7E7-326DD52B2185}.Debug|x86.ActiveCfg = Debug|Win32
		{61FB7FE4-F529-4A43-B7E7-326DD52B2185}.Debug|x86.Build.0 = Debug|Win32
		{61FB7FE4-F529-4A43-B7E7-326DD52B2185}.Release|x64.ActiveCfg = Release|x64
		{61FB7FE4-F529-4A43-B7E7-326DD52B2185}.Release|x64.Build.0 = Release|x64
		{61FB7FE4-F529-4A43-B7E7-326DD52B2185}.Release|x86.ActiveCfg = Release|Win32
		{61FB7FE4-F529-4A43-B7E7-326DD52B2185}.Release|x86.Build.0 = Release|Win32
	EndGlobalSection
	GlobalSection(SolutionProperties) = preSolution
		HideSolutionNode = FALSE
	EndGlobalSection
	GlobalSection(ExtensibilityGlobals) = postSolution
		SolutionGuid = {6FC203F1-3E7A-4927-9F09-1F7972BBD915}
	EndGlobalSection
EndGlobal
