
Microsoft Visual Studio Solution File, Format Version 12.00
# Visual Studio Version 17
VisualStudioVersion = 17.12.35309.182
MinimumVisualStudioVersion = 10.0.40219.1
Project("{8BC9CEB8-8B4A-11D0-8D11-00A0C91BC942}") = "Project5", "Project5\Project5.vcxproj", "{C485D8D4-EEB1-41CD-BF12-79992B24EA52}"
EndProject
Global
	GlobalSection(SolutionConfigurationPlatforms) = preSolution
		Debug|x64 = Debug|x64
		Debug|x86 = Debug|x86
		Release|x64 = Release|x64
		Release|x86 = Release|x86
	EndGlobalSection
	GlobalSection(ProjectConfigurationPlatforms) = postSolution
		{C485D8D4-EEB1-41CD-BF12-79992B24EA52}.Debug|x64.ActiveCfg = Debug|x64
		{C485D8D4-EEB1-41CD-BF12-79992B24EA52}.Debug|x64.Build.0 = Debug|x64
		{C485D8D4-EEB1-41CD-BF12-79992B24EA52}.Debug|x86.ActiveCfg = Debug|Win32
		{C485D8D4-EEB1-41CD-BF12-79992B24EA52}.Debug|x86.Build.0 = Debug|Win32
		{C485D8D4-EEB1-41CD-BF12-79992B24EA52}.Release|x64.ActiveCfg = Release|x64
		{C485D8D4-EEB1-41CD-BF12-79992B24EA52}.Release|x64.Build.0 = Release|x64
		{C485D8D4-EEB1-41CD-BF12-79992B24EA52}.Release|x86.ActiveCfg = Release|Win32
		{C485D8D4-EEB1-41CD-BF12-79992B24EA52}.Release|x86.Build.0 = Release|Win32
	EndGlobalSection
	GlobalSection(SolutionProperties) = preSolution
		HideSolutionNode = FALSE
	EndGlobalSection
	GlobalSection(ExtensibilityGlobals) = postSolution
		SolutionGuid = {0770D2F1-6E85-4152-972D-75B8A98D3FE4}
	EndGlobalSection
EndGlobal
